
Microsoft Visual Studio Solution File, Format Version 12.00
# Visual Studio Version 16
VisualStudioVersion = 16.6.30114.105
MinimumVisualStudioVersion = 10.0.40219.1
Project("{FAE04EC0-301F-11D3-BF4B-00C04F79EFBC}") = "CalorieCountingApp.Api", "CalorieCountingApp.Api\CalorieCountingApp.Api.csproj", "{487905D7-FD43-41FD-9D06-DC0897831D46}"
EndProject
Project("{FAE04EC0-301F-11D3-BF4B-00C04F79EFBC}") = "CalorieCountingApp.Domain", "CalorieCountingApp.Domain\CalorieCountingApp.Domain.csproj", "{B65B3B6C-C7A7-476F-860D-989A9E20E7E5}"
EndProject
Project("{FAE04EC0-301F-11D3-BF4B-00C04F79EFBC}") = "CalorieCountingApp.Data", "CalorieCountingApp.Data\CalorieCountingApp.Data.csproj", "{160B32DC-838F-4C3D-9308-1A0AAFB2F53C}"
EndProject
Global
	GlobalSection(SolutionConfigurationPlatforms) = preSolution
		Debug|Any CPU = Debug|Any CPU
		Debug|x64 = Debug|x64
		Debug|x86 = Debug|x86
		Release|Any CPU = Release|Any CPU
		Release|x64 = Release|x64
		Release|x86 = Release|x86
	EndGlobalSection
	GlobalSection(SolutionProperties) = preSolution
		HideSolutionNode = FALSE
	EndGlobalSection
	GlobalSection(ProjectConfigurationPlatforms) = postSolution
		{487905D7-FD43-41FD-9D06-DC0897831D46}.Debug|Any CPU.ActiveCfg = Debug|Any CPU
		{487905D7-FD43-41FD-9D06-DC0897831D46}.Debug|Any CPU.Build.0 = Debug|Any CPU
		{487905D7-FD43-41FD-9D06-DC0897831D46}.Debug|x64.ActiveCfg = Debug|Any CPU
		{487905D7-FD43-41FD-9D06-DC0897831D46}.Debug|x64.Build.0 = Debug|Any CPU
		{487905D7-FD43-41FD-9D06-DC0897831D46}.Debug|x86.ActiveCfg = Debug|Any CPU
		{487905D7-FD43-41FD-9D06-DC0897831D46}.Debug|x86.Build.0 = Debug|Any CPU
		{487905D7-FD43-41FD-9D06-DC0897831D46}.Release|Any CPU.ActiveCfg = Release|Any CPU
		{487905D7-FD43-41FD-9D06-DC0897831D46}.Release|Any CPU.Build.0 = Release|Any CPU
		{487905D7-FD43-41FD-9D06-DC0897831D46}.Release|x64.ActiveCfg = Release|Any CPU
		{487905D7-FD43-41FD-9D06-DC0897831D46}.Release|x64.Build.0 = Release|Any CPU
		{487905D7-FD43-41FD-9D06-DC0897831D46}.Release|x86.ActiveCfg = Release|Any CPU
		{487905D7-FD43-41FD-9D06-DC0897831D46}.Release|x86.Build.0 = Release|Any CPU
		{B65B3B6C-C7A7-476F-860D-989A9E20E7E5}.Debug|Any CPU.ActiveCfg = Debug|Any CPU
		{B65B3B6C-C7A7-476F-860D-989A9E20E7E5}.Debug|Any CPU.Build.0 = Debug|Any CPU
		{B65B3B6C-C7A7-476F-860D-989A9E20E7E5}.Debug|x64.ActiveCfg = Debug|Any CPU
		{B65B3B6C-C7A7-476F-860D-989A9E20E7E5}.Debug|x64.Build.0 = Debug|Any CPU
		{B65B3B6C-C7A7-476F-860D-989A9E20E7E5}.Debug|x86.ActiveCfg = Debug|Any CPU
		{B65B3B6C-C7A7-476F-860D-989A9E20E7E5}.Debug|x86.Build.0 = Debug|Any CPU
		{B65B3B6C-C7A7-476F-860D-989A9E20E7E5}.Release|Any CPU.ActiveCfg = Release|Any CPU
		{B65B3B6C-C7A7-476F-860D-989A9E20E7E5}.Release|Any CPU.Build.0 = Release|Any CPU
		{B65B3B6C-C7A7-476F-860D-989A9E20E7E5}.Release|x64.ActiveCfg = Release|Any CPU
		{B65B3B6C-C7A7-476F-860D-989A9E20E7E5}.Release|x64.Build.0 = Release|Any CPU
		{B65B3B6C-C7A7-476F-860D-989A9E20E7E5}.Release|x86.ActiveCfg = Release|Any CPU
		{B65B3B6C-C7A7-476F-860D-989A9E20E7E5}.Release|x86.Build.0 = Release|Any CPU
		{160B32DC-838F-4C3D-9308-1A0AAFB2F53C}.Debug|Any CPU.ActiveCfg = Debug|Any CPU
		{160B32DC-838F-4C3D-9308-1A0AAFB2F53C}.Debug|Any CPU.Build.0 = Debug|Any CPU
		{160B32DC-838F-4C3D-9308-1A0AAFB2F53C}.Debug|x64.ActiveCfg = Debug|Any CPU
		{160B32DC-838F-4C3D-9308-1A0AAFB2F53C}.Debug|x64.Build.0 = Debug|Any CPU
		{160B32DC-838F-4C3D-9308-1A0AAFB2F53C}.Debug|x86.ActiveCfg = Debug|Any CPU
		{160B32DC-838F-4C3D-9308-1A0AAFB2F53C}.Debug|x86.Build.0 = Debug|Any CPU
		{160B32DC-838F-4C3D-9308-1A0AAFB2F53C}.Release|Any CPU.ActiveCfg = Release|Any CPU
		{160B32DC-838F-4C3D-9308-1A0AAFB2F53C}.Release|Any CPU.Build.0 = Release|Any CPU
		{160B32DC-838F-4C3D-9308-1A0AAFB2F53C}.Release|x64.ActiveCfg = Release|Any CPU
		{160B32DC-838F-4C3D-9308-1A0AAFB2F53C}.Release|x64.Build.0 = Release|Any CPU
		{160B32DC-838F-4C3D-9308-1A0AAFB2F53C}.Release|x86.ActiveCfg = Release|Any CPU
		{160B32DC-838F-4C3D-9308-1A0AAFB2F53C}.Release|x86.Build.0 = Release|Any CPU
	EndGlobalSection
EndGlobal
